// !$*UTF8*$!
{
	archiveVersion = 1;
	classes = {
	};
	objectVersion = 77;
	objects = {

/* Begin PBXContainerItemProxy section */
		09F6ACEA2D98364300C37495 /* PBXContainerItemProxy */ = {
			isa = PBXContainerItemProxy;
			containerPortal = 09F6ACD12D98363D00C37495 /* Project object */;
			proxyType = 1;
			remoteGlobalIDString = 09F6ACD82D98363D00C37495;
			remoteInfo = ExRTracker;
		};
		09F6ACF42D98364300C37495 /* PBXContainerItemProxy */ = {
			isa = PBXContainerItemProxy;
			containerPortal = 09F6ACD12D98363D00C37495 /* Project object */;
			proxyType = 1;
			remoteGlobalIDString = 09F6ACD82D98363D00C37495;
			remoteInfo = ExRTracker;
		};
/* End PBXContainerItemProxy section */

/* Begin PBXFileReference section */
		0923DDE62DAB501A00A8C950 /* README.md */ = {isa = PBXFileReference; explicitFileType = text; path = README.md; sourceTree = "<group>"; };
		09F6ACD92D98363D00C37495 /* ExRTracker.app */ = {isa = PBXFileReference; explicitFileType = wrapper.application; includeInIndex = 0; path = ExRTracker.app; sourceTree = BUILT_PRODUCTS_DIR; };
		09F6ACE92D98364300C37495 /* ExRTrackerTests.xctest */ = {isa = PBXFileReference; explicitFileType = wrapper.cfbundle; includeInIndex = 0; path = ExRTrackerTests.xctest; sourceTree = BUILT_PRODUCTS_DIR; };
		09F6ACF32D98364300C37495 /* ExRTrackerUITests.xctest */ = {isa = PBXFileReference; explicitFileType = wrapper.cfbundle; includeInIndex = 0; path = ExRTrackerUITests.xctest; sourceTree = BUILT_PRODUCTS_DIR; };
/* End PBXFileReference section */

/* Begin PBXFileSystemSynchronizedRootGroup section */
		09F6ACDB2D98363D00C37495 /* ExRTracker */ = {
			isa = PBXFileSystemSynchronizedRootGroup;
			path = ExRTracker;
			sourceTree = "<group>";
		};
		09F6ACEC2D98364300C37495 /* ExRTrackerTests */ = {
			isa = PBXFileSystemSynchronizedRootGroup;
			path = ExRTrackerTests;
			sourceTree = "<group>";
		};
		09F6ACF62D98364300C37495 /* ExRTrackerUITests */ = {
			isa = PBXFileSystemSynchronizedRootGroup;
			path = ExRTrackerUITests;
			sourceTree = "<group>";
		};
/* End PBXFileSystemSynchronizedRootGroup section */

/* Begin PBXFrameworksBuildPhase section */
		09F6ACD62D98363D00C37495 /* Frameworks */ = {
			isa = PBXFrameworksBuildPhase;
			buildActionMask = 2147483647;
			files = (
			);
			runOnlyForDeploymentPostprocessing = 0;
		};
		09F6ACE62D98364300C37495 /* Frameworks */ = {
			isa = PBXFrameworksBuildPhase;
			buildActionMask = 2147483647;
			files = (
			);
			runOnlyForDeploymentPostprocessing = 0;
		};
		09F6ACF02D98364300C37495 /* Frameworks */ = {
			isa = PBXFrameworksBuildPhase;
			buildActionMask = 2147483647;
			files = (
			);
			runOnlyForDeploymentPostprocessing = 0;
		};
/* End PBXFrameworksBuildPhase section */

/* Begin PBXGroup section */
		09F6ACD02D98363D00C37495 = {
			isa = PBXGroup;
			children = (
				0923DDE62DAB501A00A8C950 /* README.md */,
				09F6ACDB2D98363D00C37495 /* ExRTracker */,
				09F6ACEC2D98364300C37495 /* ExRTrackerTests */,
				09F6ACF62D98364300C37495 /* ExRTrackerUITests */,
				09F6ACDA2D98363D00C37495 /* Products */,
			);
			sourceTree = "<group>";
		};
		09F6ACDA2D98363D00C37495 /* Products */ = {
			isa = PBXGroup;
			children = (
				09F6ACD92D98363D00C37495 /* ExRTracker.app */,
				09F6ACE92D98364300C37495 /* ExRTrackerTests.xctest */,
				09F6ACF32D98364300C37495 /* ExRTrackerUITests.xctest */,
			);
			name = Products;
			sourceTree = "<group>";
		};
/* End PBXGroup section */

/* Begin PBXNativeTarget section */
		09F6ACD82D98363D00C37495 /* ExRTracker */ = {
			isa = PBXNativeTarget;
			buildConfigurationList = 09F6ACFD2D98364300C37495 /* Build configuration list for PBXNativeTarget "ExRTracker" */;
			buildPhases = (
				09F6ACD52D98363D00C37495 /* Sources */,
				09F6ACD62D98363D00C37495 /* Frameworks */,
				09F6ACD72D98363D00C37495 /* Resources */,
			);
			buildRules = (
			);
			dependencies = (
			);
			fileSystemSynchronizedGroups = (
				09F6ACDB2D98363D00C37495 /* ExRTracker */,
			);
			name = ExRTracker;
			packageProductDependencies = (
			);
			productName = ExRTracker;
			productReference = 09F6ACD92D98363D00C37495 /* ExRTracker.app */;
			productType = "com.apple.product-type.application";
		};
		09F6ACE82D98364300C37495 /* ExRTrackerTests */ = {
			isa = PBXNativeTarget;
			buildConfigurationList = 09F6AD002D98364300C37495 /* Build configuration list for PBXNativeTarget "ExRTrackerTests" */;
			buildPhases = (
				09F6ACE52D98364300C37495 /* Sources */,
				09F6ACE62D98364300C37495 /* Frameworks */,
				09F6ACE72D98364300C37495 /* Resources */,
			);
			buildRules = (
			);
			dependencies = (
				09F6ACEB2D98364300C37495 /* PBXTargetDependency */,
			);
			fileSystemSynchronizedGroups = (
				09F6ACEC2D98364300C37495 /* ExRTrackerTests */,
			);
			name = ExRTrackerTests;
			packageProductDependencies = (
			);
			productName = ExRTrackerTests;
			productReference = 09F6ACE92D98364300C37495 /* ExRTrackerTests.xctest */;
			productType = "com.apple.product-type.bundle.unit-test";
		};
		09F6ACF22D98364300C37495 /* ExRTrackerUITests */ = {
			isa = PBXNativeTarget;
			buildConfigurationList = 09F6AD032D98364300C37495 /* Build configuration list for PBXNativeTarget "ExRTrackerUITests" */;
			buildPhases = (
				09F6ACEF2D98364300C37495 /* Sources */,
				09F6ACF02D98364300C37495 /* Frameworks */,
				09F6ACF12D98364300C37495 /* Resources */,
			);
			buildRules = (
			);
			dependencies = (
				09F6ACF52D98364300C37495 /* PBXTargetDependency */,
			);
			fileSystemSynchronizedGroups = (
				09F6ACF62D98364300C37495 /* ExRTrackerUITests */,
			);
			name = ExRTrackerUITests;
			packageProductDependencies = (
			);
			productName = ExRTrackerUITests;
			productReference = 09F6ACF32D98364300C37495 /* ExRTrackerUITests.xctest */;
			productType = "com.apple.product-type.bundle.ui-testing";
		};
/* End PBXNativeTarget section */

/* Begin PBXProject section */
		09F6ACD12D98363D00C37495 /* Project object */ = {
			isa = PBXProject;
			attributes = {
				BuildIndependentTargetsInParallel = 1;
				LastSwiftUpdateCheck = 1620;
				LastUpgradeCheck = 1620;
				TargetAttributes = {
					09F6ACD82D98363D00C37495 = {
						CreatedOnToolsVersion = 16.2;
					};
					09F6ACE82D98364300C37495 = {
						CreatedOnToolsVersion = 16.2;
						TestTargetID = 09F6ACD82D98363D00C37495;
					};
					09F6ACF22D98364300C37495 = {
						CreatedOnToolsVersion = 16.2;
						TestTargetID = 09F6ACD82D98363D00C37495;
					};
				};
			};
			buildConfigurationList = 09F6ACD42D98363D00C37495 /* Build configuration list for PBXProject "ExRTracker" */;
			developmentRegion = en;
			hasScannedForEncodings = 0;
			knownRegions = (
				en,
				Base,
			);
			mainGroup = 09F6ACD02D98363D00C37495;
			minimizedProjectReferenceProxies = 1;
			preferredProjectObjectVersion = 77;
			productRefGroup = 09F6ACDA2D98363D00C37495 /* Products */;
			projectDirPath = "";
			projectRoot = "";
			targets = (
				09F6ACD82D98363D00C37495 /* ExRTracker */,
				09F6ACE82D98364300C37495 /* ExRTrackerTests */,
				09F6ACF22D98364300C37495 /* ExRTrackerUITests */,
			);
		};
/* End PBXProject section */

/* Begin PBXResourcesBuildPhase section */
		09F6ACD72D98363D00C37495 /* Resources */ = {
			isa = PBXResourcesBuildPhase;
			buildActionMask = 2147483647;
			files = (
			);
			runOnlyForDeploymentPostprocessing = 0;
		};
		09F6ACE72D98364300C37495 /* Resources */ = {
			isa = PBXResourcesBuildPhase;
			buildActionMask = 2147483647;
			files = (
			);
			runOnlyForDeploymentPostprocessing = 0;
		};
		09F6ACF12D98364300C37495 /* Resources */ = {
			isa = PBXResourcesBuildPhase;
			buildActionMask = 2147483647;
			files = (
			);
			runOnlyForDeploymentPostprocessing = 0;
		};
/* End PBXResourcesBuildPhase section */

/* Begin PBXSourcesBuildPhase section */
		09F6ACD52D98363D00C37495 /* Sources */ = {
			isa = PBXSourcesBuildPhase;
			buildActionMask = 2147483647;
			files = (
			);
			runOnlyForDeploymentPostprocessing = 0;
		};
		09F6ACE52D98364300C37495 /* Sources */ = {
			isa = PBXSourcesBuildPhase;
			buildActionMask = 2147483647;
			files = (
			);
			runOnlyForDeploymentPostprocessing = 0;
		};
		09F6ACEF2D98364300C37495 /* Sources */ = {
			isa = PBXSourcesBuildPhase;
			buildActionMask = 2147483647;
			files = (
			);
			runOnlyForDeploymentPostprocessing = 0;
		};
/* End PBXSourcesBuildPhase section */

/* Begin PBXTargetDependency section */
		09F6ACEB2D98364300C37495 /* PBXTargetDependency */ = {
			isa = PBXTargetDependency;
			target = 09F6ACD82D98363D00C37495 /* ExRTracker */;
			targetProxy = 09F6ACEA2D98364300C37495 /* PBXContainerItemProxy */;
		};
		09F6ACF52D98364300C37495 /* PBXTargetDependency */ = {
			isa = PBXTargetDependency;
			target = 09F6ACD82D98363D00C37495 /* ExRTracker */;
			targetProxy = 09F6ACF42D98364300C37495 /* PBXContainerItemProxy */;
		};
/* End PBXTargetDependency section */

/* Begin XCBuildConfiguration section */
		09F6ACFB2D98364300C37495 /* Debug */ = {
			isa = XCBuildConfiguration;
			buildSettings = {
				ALWAYS_SEARCH_USER_PATHS = NO;
				ASSETCATALOG_COMPILER_GENERATE_SWIFT_ASSET_SYMBOL_EXTENSIONS = YES;
				CLANG_ANALYZER_NONNULL = YES;
				CLANG_ANALYZER_NUMBER_OBJECT_CONVERSION = YES_AGGRESSIVE;
				CLANG_CXX_LANGUAGE_STANDARD = "gnu++20";
				CLANG_ENABLE_MODULES = YES;
				CLANG_ENABLE_OBJC_ARC = YES;
				CLANG_ENABLE_OBJC_WEAK = YES;
				CLANG_WARN_BLOCK_CAPTURE_AUTORELEASING = YES;
				CLANG_WARN_BOOL_CONVERSION = YES;
				CLANG_WARN_COMMA = YES;
				CLANG_WARN_CONSTANT_CONVERSION = YES;
				CLANG_WARN_DEPRECATED_OBJC_IMPLEMENTATIONS = YES;
				CLANG_WARN_DIRECT_OBJC_ISA_USAGE = YES_ERROR;
				CLANG_WARN_DOCUMENTATION_COMMENTS = YES;
				CLANG_WARN_EMPTY_BODY = YES;
				CLANG_WARN_ENUM_CONVERSION = YES;
				CLANG_WARN_INFINITE_RECURSION = YES;
				CLANG_WARN_INT_CONVERSION = YES;
				CLANG_WARN_NON_LITERAL_NULL_CONVERSION = YES;
				CLANG_WARN_OBJC_IMPLICIT_RETAIN_SELF = YES;
				CLANG_WARN_OBJC_LITERAL_CONVERSION = YES;
				CLANG_WARN_OBJC_ROOT_CLASS = YES_ERROR;
				CLANG_WARN_QUOTED_INCLUDE_IN_FRAMEWORK_HEADER = YES;
				CLANG_WARN_RANGE_LOOP_ANALYSIS = YES;
				CLANG_WARN_STRICT_PROTOTYPES = YES;
				CLANG_WARN_SUSPICIOUS_MOVE = YES;
				CLANG_WARN_UNGUARDED_AVAILABILITY = YES_AGGRESSIVE;
				CLANG_WARN_UNREACHABLE_CODE = YES;
				CLANG_WARN__DUPLICATE_METHOD_MATCH = YES;
				COPY_PHASE_STRIP = NO;
				DEBUG_INFORMATION_FORMAT = dwarf;
				ENABLE_STRICT_OBJC_MSGSEND = YES;
				ENABLE_TESTABILITY = YES;
				ENABLE_USER_SCRIPT_SANDBOXING = YES;
				GCC_C_LANGUAGE_STANDARD = gnu17;
				GCC_DYNAMIC_NO_PIC = NO;
				GCC_NO_COMMON_BLOCKS = YES;
				GCC_OPTIMIZATION_LEVEL = 0;
				GCC_PREPROCESSOR_DEFINITIONS = (
					"DEBUG=1",
					"$(inherited)",
				);
				GCC_WARN_64_TO_32_BIT_CONVERSION = YES;
				GCC_WARN_ABOUT_RETURN_TYPE = YES_ERROR;
				GCC_WARN_UNDECLARED_SELECTOR = YES;
				GCC_WARN_UNINITIALIZED_AUTOS = YES_AGGRESSIVE;
				GCC_WARN_UNUSED_FUNCTION = YES;
				GCC_WARN_UNUSED_VARIABLE = YES;
				IPHONEOS_DEPLOYMENT_TARGET = 18.2;
				LOCALIZATION_PREFERS_STRING_CATALOGS = YES;
				MTL_ENABLE_DEBUG_INFO = INCLUDE_SOURCE;
				MTL_FAST_MATH = YES;
				ONLY_ACTIVE_ARCH = YES;
				SDKROOT = iphoneos;
				SWIFT_ACTIVE_COMPILATION_CONDITIONS = "DEBUG $(inherited)";
				SWIFT_OPTIMIZATION_LEVEL = "-Onone";
			};
			name = Debug;
		};
		09F6ACFC2D98364300C37495 /* Release */ = {
			isa = XCBuildConfiguration;
			buildSettings = {
				ALWAYS_SEARCH_USER_PATHS = NO;
				ASSETCATALOG_COMPILER_GENERATE_SWIFT_ASSET_SYMBOL_EXTENSIONS = YES;
				CLANG_ANALYZER_NONNULL = YES;
				CLANG_ANALYZER_NUMBER_OBJECT_CONVERSION = YES_AGGRESSIVE;
				CLANG_CXX_LANGUAGE_STANDARD = "gnu++20";
				CLANG_ENABLE_MODULES = YES;
				CLANG_ENABLE_OBJC_ARC = YES;
				CLANG_ENABLE_OBJC_WEAK = YES;
				CLANG_WARN_BLOCK_CAPTURE_AUTORELEASING = YES;
				CLANG_WARN_BOOL_CONVERSION = YES;
				CLANG_WARN_COMMA = YES;
				CLANG_WARN_CONSTANT_CONVERSION = YES;
				CLANG_WARN_DEPRECATED_OBJC_IMPLEMENTATIONS = YES;
				CLANG_WARN_DIRECT_OBJC_ISA_USAGE = YES_ERROR;
				CLANG_WARN_DOCUMENTATION_COMMENTS = YES;
				CLANG_WARN_EMPTY_BODY = YES;
				CLANG_WARN_ENUM_CONVERSION = YES;
				CLANG_WARN_INFINITE_RECURSION = YES;
				CLANG_WARN_INT_CONVERSION = YES;
				CLANG_WARN_NON_LITERAL_NULL_CONVERSION = YES;
				CLANG_WARN_OBJC_IMPLICIT_RETAIN_SELF = YES;
				CLANG_WARN_OBJC_LITERAL_CONVERSION = YES;
				CLANG_WARN_OBJC_ROOT_CLASS = YES_ERROR;
				CLANG_WARN_QUOTED_INCLUDE_IN_FRAMEWORK_HEADER = YES;
				CLANG_WARN_RANGE_LOOP_ANALYSIS = YES;
				CLANG_WARN_STRICT_PROTOTYPES = YES;
				CLANG_WARN_SUSPICIOUS_MOVE = YES;
				CLANG_WARN_UNGUARDED_AVAILABILITY = YES_AGGRESSIVE;
				CLANG_WARN_UNREACHABLE_CODE = YES;
				CLANG_WARN__DUPLICATE_METHOD_MATCH = YES;
				COPY_PHASE_STRIP = NO;
				DEBUG_INFORMATION_FORMAT = "dwarf-with-dsym";
				ENABLE_NS_ASSERTIONS = NO;
				ENABLE_STRICT_OBJC_MSGSEND = YES;
				ENABLE_USER_SCRIPT_SANDBOXING = YES;
				GCC_C_LANGUAGE_STANDARD = gnu17;
				GCC_NO_COMMON_BLOCKS = YES;
				GCC_WARN_64_TO_32_BIT_CONVERSION = YES;
				GCC_WARN_ABOUT_RETURN_TYPE = YES_ERROR;
				GCC_WARN_UNDECLARED_SELECTOR = YES;
				GCC_WARN_UNINITIALIZED_AUTOS = YES_AGGRESSIVE;
				GCC_WARN_UNUSED_FUNCTION = YES;
				GCC_WARN_UNUSED_VARIABLE = YES;
				IPHONEOS_DEPLOYMENT_TARGET = 18.2;
				LOCALIZATION_PREFERS_STRING_CATALOGS = YES;
				MTL_ENABLE_DEBUG_INFO = NO;
				MTL_FAST_MATH = YES;
				SDKROOT = iphoneos;
				SWIFT_COMPILATION_MODE = wholemodule;
				VALIDATE_PRODUCT = YES;
			};
			name = Release;
		};
		09F6ACFE2D98364300C37495 /* Debug */ = {
			isa = XCBuildConfiguration;
			buildSettings = {
				ASSETCATALOG_COMPILER_APPICON_NAME = AppIcon;
				ASSETCATALOG_COMPILER_GLOBAL_ACCENT_COLOR_NAME = AccentColor;
				CODE_SIGN_STYLE = Automatic;
				CURRENT_PROJECT_VERSION = 1;
				DEVELOPMENT_ASSET_PATHS = "\"ExRTracker/Preview Content\"";
				DEVELOPMENT_TEAM = P568VQU268;
				ENABLE_PREVIEWS = YES;
				GENERATE_INFOPLIST_FILE = YES;
				INFOPLIST_KEY_LSApplicationCategoryType = "public.app-category.finance";
				INFOPLIST_KEY_UIApplicationSceneManifest_Generation = YES;
				INFOPLIST_KEY_UIApplicationSupportsIndirectInputEvents = YES;
				INFOPLIST_KEY_UILaunchScreen_Generation = YES;
				INFOPLIST_KEY_UISupportedInterfaceOrientations_iPad = "UIInterfaceOrientationPortrait UIInterfaceOrientationPortraitUpsideDown UIInterfaceOrientationLandscapeLeft UIInterfaceOrientationLandscapeRight";
				INFOPLIST_KEY_UISupportedInterfaceOrientations_iPhone = "UIInterfaceOrientationPortrait UIInterfaceOrientationLandscapeLeft UIInterfaceOrientationLandscapeRight";
				IPHONEOS_DEPLOYMENT_TARGET = 16.3;
				LD_RUNPATH_SEARCH_PATHS = (
					"$(inherited)",
					"@executable_path/Frameworks",
				);
				MARKETING_VERSION = 1.0;
				PRODUCT_BUNDLE_IDENTIFIER = com.borysov.illia.ExRTracker;
				PRODUCT_NAME = "$(TARGET_NAME)";
				SWIFT_EMIT_LOC_STRINGS = YES;
				SWIFT_VERSION = 5.0;
				TARGETED_DEVICE_FAMILY = "1,2";
			};
			name = Debug;
		};
		09F6ACFF2D98364300C37495 /* Release */ = {
			isa = XCBuildConfiguration;
			buildSettings = {
				ASSETCATALOG_COMPILER_APPICON_NAME = AppIcon;
				ASSETCATALOG_COMPILER_GLOBAL_ACCENT_COLOR_NAME = AccentColor;
				CODE_SIGN_STYLE = Automatic;
				CURRENT_PROJECT_VERSION = 1;
				DEVELOPMENT_ASSET_PATHS = "\"ExRTracker/Preview Content\"";
				DEVELOPMENT_TEAM = P568VQU268;
				ENABLE_PREVIEWS = YES;
				GENERATE_INFOPLIST_FILE = YES;
				INFOPLIST_KEY_LSApplicationCategoryType = "public.app-category.finance";
				INFOPLIST_KEY_UIApplicationSceneManifest_Generation = YES;
				INFOPLIST_KEY_UIApplicationSupportsIndirectInputEvents = YES;
				INFOPLIST_KEY_UILaunchScreen_Generation = YES;
				INFOPLIST_KEY_UISupportedInterfaceOrientations_iPad = "UIInterfaceOrientationPortrait UIInterfaceOrientationPortraitUpsideDown UIInterfaceOrientationLandscapeLeft UIInterfaceOrientationLandscapeRight";
				INFOPLIST_KEY_UISupportedInterfaceOrientations_iPhone = "UIInterfaceOrientationPortrait UIInterfaceOrientationLandscapeLeft UIInterfaceOrientationLandscapeRight";
				IPHONEOS_DEPLOYMENT_TARGET = 16.3;
				LD_RUNPATH_SEARCH_PATHS = (
					"$(inherited)",
					"@executable_path/Frameworks",
				);
				MARKETING_VERSION = 1.0;
				PRODUCT_BUNDLE_IDENTIFIER = com.borysov.illia.ExRTracker;
				PRODUCT_NAME = "$(TARGET_NAME)";
				SWIFT_EMIT_LOC_STRINGS = YES;
				SWIFT_VERSION = 5.0;
				TARGETED_DEVICE_FAMILY = "1,2";
			};
			name = Release;
		};
		09F6AD012D98364300C37495 /* Debug */ = {
			isa = XCBuildConfiguration;
			buildSettings = {
				BUNDLE_LOADER = "$(TEST_HOST)";
				CODE_SIGN_STYLE = Automatic;
				CURRENT_PROJECT_VERSION = 1;
				DEVELOPMENT_TEAM = P568VQU268;
				GENERATE_INFOPLIST_FILE = YES;
				IPHONEOS_DEPLOYMENT_TARGET = 18.2;
				MARKETING_VERSION = 1.0;
				PRODUCT_BUNDLE_IDENTIFIER = com.borysov.illia.ExRTrackerTests;
				PRODUCT_NAME = "$(TARGET_NAME)";
				SWIFT_EMIT_LOC_STRINGS = NO;
				SWIFT_VERSION = 5.0;
				TARGETED_DEVICE_FAMILY = "1,2";
				TEST_HOST = "$(BUILT_PRODUCTS_DIR)/ExRTracker.app/$(BUNDLE_EXECUTABLE_FOLDER_PATH)/ExRTracker";
			};
			name = Debug;
		};
		09F6AD022D98364300C37495 /* Release */ = {
			isa = XCBuildConfiguration;
			buildSettings = {
				BUNDLE_LOADER = "$(TEST_HOST)";
				CODE_SIGN_STYLE = Automatic;
				CURRENT_PROJECT_VERSION = 1;
				DEVELOPMENT_TEAM = P568VQU268;
				GENERATE_INFOPLIST_FILE = YES;
				IPHONEOS_DEPLOYMENT_TARGET = 18.2;
				MARKETING_VERSION = 1.0;
				PRODUCT_BUNDLE_IDENTIFIER = com.borysov.illia.ExRTrackerTests;
				PRODUCT_NAME = "$(TARGET_NAME)";
				SWIFT_EMIT_LOC_STRINGS = NO;
				SWIFT_VERSION = 5.0;
				TARGETED_DEVICE_FAMILY = "1,2";
				TEST_HOST = "$(BUILT_PRODUCTS_DIR)/ExRTracker.app/$(BUNDLE_EXECUTABLE_FOLDER_PATH)/ExRTracker";
			};
			name = Release;
		};
		09F6AD042D98364300C37495 /* Debug */ = {
			isa = XCBuildConfiguration;
			buildSettings = {
				CODE_SIGN_STYLE = Automatic;
				CURRENT_PROJECT_VERSION = 1;
				DEVELOPMENT_TEAM = P568VQU268;
				GENERATE_INFOPLIST_FILE = YES;
				MARKETING_VERSION = 1.0;
				PRODUCT_BUNDLE_IDENTIFIER = com.borysov.illia.ExRTrackerUITests;
				PRODUCT_NAME = "$(TARGET_NAME)";
				SWIFT_EMIT_LOC_STRINGS = NO;
				SWIFT_VERSION = 5.0;
				TARGETED_DEVICE_FAMILY = "1,2";
				TEST_TARGET_NAME = ExRTracker;
			};
			name = Debug;
		};
		09F6AD052D98364300C37495 /* Release */ = {
			isa = XCBuildConfiguration;
			buildSettings = {
				CODE_SIGN_STYLE = Automatic;
				CURRENT_PROJECT_VERSION = 1;
				DEVELOPMENT_TEAM = P568VQU268;
				GENERATE_INFOPLIST_FILE = YES;
				MARKETING_VERSION = 1.0;
				PRODUCT_BUNDLE_IDENTIFIER = com.borysov.illia.ExRTrackerUITests;
				PRODUCT_NAME = "$(TARGET_NAME)";
				SWIFT_EMIT_LOC_STRINGS = NO;
				SWIFT_VERSION = 5.0;
				TARGETED_DEVICE_FAMILY = "1,2";
				TEST_TARGET_NAME = ExRTracker;
			};
			name = Release;
		};
/* End XCBuildConfiguration section */

/* Begin XCConfigurationList section */
		09F6ACD42D98363D00C37495 /* Build configuration list for PBXProject "ExRTracker" */ = {
			isa = XCConfigurationList;
			buildConfigurations = (
				09F6ACFB2D98364300C37495 /* Debug */,
				09F6ACFC2D98364300C37495 /* Release */,
			);
			defaultConfigurationIsVisible = 0;
			defaultConfigurationName = Release;
		};
		09F6ACFD2D98364300C37495 /* Build configuration list for PBXNativeTarget "ExRTracker" */ = {
			isa = XCConfigurationList;
			buildConfigurations = (
				09F6ACFE2D98364300C37495 /* Debug */,
				09F6ACFF2D98364300C37495 /* Release */,
			);
			defaultConfigurationIsVisible = 0;
			defaultConfigurationName = Release;
		};
		09F6AD002D98364300C37495 /* Build configuration list for PBXNativeTarget "ExRTrackerTests" */ = {
			isa = XCConfigurationList;
			buildConfigurations = (
				09F6AD012D98364300C37495 /* Debug */,
				09F6AD022D98364300C37495 /* Release */,
			);
			defaultConfigurationIsVisible = 0;
			defaultConfigurationName = Release;
		};
		09F6AD032D98364300C37495 /* Build configuration list for PBXNativeTarget "ExRTrackerUITests" */ = {
			isa = XCConfigurationList;
			buildConfigurations = (
				09F6AD042D98364300C37495 /* Debug */,
				09F6AD052D98364300C37495 /* Release */,
			);
			defaultConfigurationIsVisible = 0;
			defaultConfigurationName = Release;
		};
/* End XCConfigurationList section */
	};
	rootObject = 09F6ACD12D98363D00C37495 /* Project object */;
}
